
Microsoft Visual Studio Solution File, Format Version 12.00
# Visual Studio Version 16
VisualStudioVersion = 16.0.30523.141
MinimumVisualStudioVersion = 10.0.40219.1
Project("{FAE04EC0-301F-11D3-BF4B-00C04F79EFBC}") = "ShopBridge", "ShopBridge\ShopBridge.csproj", "{B8EA8629-5144-48C7-BDBF-3BCA71B279EE}"
EndProject
Project("{FAE04EC0-301F-11D3-BF4B-00C04F79EFBC}") = "ShopDataAccess", "ShopDataAccess\ShopDataAccess.csproj", "{FEB27ADC-F477-4A8D-A78E-876E503CC6B1}"
EndProject
Global
	GlobalSection(SolutionConfigurationPlatforms) = preSolution
		Debug|Any CPU = Debug|Any CPU
		Release|Any CPU = Release|Any CPU
	EndGlobalSection
	GlobalSection(ProjectConfigurationPlatforms) = postSolution
		{B8EA8629-5144-48C7-BDBF-3BCA71B279EE}.Debug|Any CPU.ActiveCfg = Debug|Any CPU
		{B8EA8629-5144-48C7-BDBF-3BCA71B279EE}.Debug|Any CPU.Build.0 = Debug|Any CPU
		{B8EA8629-5144-48C7-BDBF-3BCA71B279EE}.Release|Any CPU.ActiveCfg = Release|Any CPU
		{B8EA8629-5144-48C7-BDBF-3BCA71B279EE}.Release|Any CPU.Build.0 = Release|Any CPU
		{FEB27ADC-F477-4A8D-A78E-876E503CC6B1}.Debug|Any CPU.ActiveCfg = Debug|Any CPU
		{FEB27ADC-F477-4A8D-A78E-876E503CC6B1}.Debug|Any CPU.Build.0 = Debug|Any CPU
		{FEB27ADC-F477-4A8D-A78E-876E503CC6B1}.Release|Any CPU.ActiveCfg = Release|Any CPU
		{FEB27ADC-F477-4A8D-A78E-876E503CC6B1}.Release|Any CPU.Build.0 = Release|Any CPU
	EndGlobalSection
	GlobalSection(SolutionProperties) = preSolution
		HideSolutionNode = FALSE
	EndGlobalSection
	GlobalSection(ExtensibilityGlobals) = postSolution
		SolutionGuid = {FB87EA28-0A8E-4002-AC23-2D8DA0EB7698}
	EndGlobalSection
EndGlobal
